// !$*UTF8*$!
{
	archiveVersion = 1;
	classes = {
	};
	objectVersion = 46;
	objects = {

/* Begin PBXBuildFile section */
		4CA9A11619FC4CCA008F6D74 /* main.m in Sources */ = {isa = PBXBuildFile; fileRef = 4CA9A11519FC4CCA008F6D74 /* main.m */; };
		4CA9A11919FC4CCA008F6D74 /* AppDelegate.m in Sources */ = {isa = PBXBuildFile; fileRef = 4CA9A11819FC4CCA008F6D74 /* AppDelegate.m */; };
		4CA9A11C19FC4CCA008F6D74 /* ViewController.m in Sources */ = {isa = PBXBuildFile; fileRef = 4CA9A11B19FC4CCA008F6D74 /* ViewController.m */; };
		4CA9A11F19FC4CCA008F6D74 /* Main.storyboard in Resources */ = {isa = PBXBuildFile; fileRef = 4CA9A11D19FC4CCA008F6D74 /* Main.storyboard */; };
		4CA9A12119FC4CCA008F6D74 /* Images.xcassets in Resources */ = {isa = PBXBuildFile; fileRef = 4CA9A12019FC4CCA008F6D74 /* Images.xcassets */; };
		4CA9A12419FC4CCA008F6D74 /* LaunchScreen.xib in Resources */ = {isa = PBXBuildFile; fileRef = 4CA9A12219FC4CCA008F6D74 /* LaunchScreen.xib */; };
		4CA9A13019FC4CCA008F6D74 /* BlankStateTests.m in Sources */ = {isa = PBXBuildFile; fileRef = 4CA9A12F19FC4CCA008F6D74 /* BlankStateTests.m */; };
/* End PBXBuildFile section */

/* Begin PBXContainerItemProxy section */
		4CA9A12A19FC4CCA008F6D74 /* PBXContainerItemProxy */ = {
			isa = PBXContainerItemProxy;
			containerPortal = 4CA9A10819FC4CCA008F6D74 /* Project object */;
			proxyType = 1;
			remoteGlobalIDString = 4CA9A10F19FC4CCA008F6D74;
			remoteInfo = BlankState;
		};
/* End PBXContainerItemProxy section */

/* Begin PBXFileReference section */
		4CA9A11019FC4CCA008F6D74 /* BlankState.app */ = {isa = PBXFileReference; explicitFileType = wrapper.application; includeInIndex = 0; path = BlankState.app; sourceTree = BUILT_PRODUCTS_DIR; };
		4CA9A11419FC4CCA008F6D74 /* Info.plist */ = {isa = PBXFileReference; lastKnownFileType = text.plist.xml; path = Info.plist; sourceTree = "<group>"; };
		4CA9A11519FC4CCA008F6D74 /* main.m */ = {isa = PBXFileReference; lastKnownFileType = sourcecode.c.objc; path = main.m; sourceTree = "<group>"; };
		4CA9A11719FC4CCA008F6D74 /* AppDelegate.h */ = {isa = PBXFileReference; lastKnownFileType = sourcecode.c.h; path = AppDelegate.h; sourceTree = "<group>"; };
		4CA9A11819FC4CCA008F6D74 /* AppDelegate.m */ = {isa = PBXFileReference; lastKnownFileType = sourcecode.c.objc; path = AppDelegate.m; sourceTree = "<group>"; };
		4CA9A11A19FC4CCA008F6D74 /* ViewController.h */ = {isa = PBXFileReference; lastKnownFileType = sourcecode.c.h; path = ViewController.h; sourceTree = "<group>"; };
		4CA9A11B19FC4CCA008F6D74 /* ViewController.m */ = {isa = PBXFileReference; lastKnownFileType = sourcecode.c.objc; path = ViewController.m; sourceTree = "<group>"; };
		4CA9A11E19FC4CCA008F6D74 /* Base */ = {isa = PBXFileReference; lastKnownFileType = file.storyboard; name = Base; path = Base.lproj/Main.storyboard; sourceTree = "<group>"; };
		4CA9A12019FC4CCA008F6D74 /* Images.xcassets */ = {isa = PBXFileReference; lastKnownFileType = folder.assetcatalog; path = Images.xcassets; sourceTree = "<group>"; };
		4CA9A12319FC4CCA008F6D74 /* Base */ = {isa = PBXFileReference; lastKnownFileType = file.xib; name = Base; path = Base.lproj/LaunchScreen.xib; sourceTree = "<group>"; };
		4CA9A12919FC4CCA008F6D74 /* BlankStateTests.xctest */ = {isa = PBXFileReference; explicitFileType = wrapper.cfbundle; includeInIndex = 0; path = BlankStateTests.xctest; sourceTree = BUILT_PRODUCTS_DIR; };
		4CA9A12E19FC4CCA008F6D74 /* Info.plist */ = {isa = PBXFileReference; lastKnownFileType = text.plist.xml; path = Info.plist; sourceTree = "<group>"; };
		4CA9A12F19FC4CCA008F6D74 /* BlankStateTests.m */ = {isa = PBXFileReference; lastKnownFileType = sourcecode.c.objc; path = BlankStateTests.m; sourceTree = "<group>"; };
/* End PBXFileReference section */

/* Begin PBXFrameworksBuildPhase section */
		4CA9A10D19FC4CCA008F6D74 /* Frameworks */ = {
			isa = PBXFrameworksBuildPhase;
			buildActionMask = 2147483647;
			files = (
			);
			runOnlyForDeploymentPostprocessing = 0;
		};
		4CA9A12619FC4CCA008F6D74 /* Frameworks */ = {
			isa = PBXFrameworksBuildPhase;
			buildActionMask = 2147483647;
			files = (
			);
			runOnlyForDeploymentPostprocessing = 0;
		};
/* End PBXFrameworksBuildPhase section */

/* Begin PBXGroup section */
		4CA9A10719FC4CCA008F6D74 = {
			isa = PBXGroup;
			children = (
				4CA9A11219FC4CCA008F6D74 /* BlankState */,
				4CA9A12C19FC4CCA008F6D74 /* BlankStateTests */,
				4CA9A11119FC4CCA008F6D74 /* Products */,
			);
			sourceTree = "<group>";
		};
		4CA9A11119FC4CCA008F6D74 /* Products */ = {
			isa = PBXGroup;
			children = (
				4CA9A11019FC4CCA008F6D74 /* BlankState.app */,
				4CA9A12919FC4CCA008F6D74 /* BlankStateTests.xctest */,
			);
			name = Products;
			sourceTree = "<group>";
		};
		4CA9A11219FC4CCA008F6D74 /* BlankState */ = {
			isa = PBXGroup;
			children = (
				4CA9A11719FC4CCA008F6D74 /* AppDelegate.h */,
				4CA9A11819FC4CCA008F6D74 /* AppDelegate.m */,
				4CA9A11A19FC4CCA008F6D74 /* ViewController.h */,
				4CA9A11B19FC4CCA008F6D74 /* ViewController.m */,
				4CA9A11D19FC4CCA008F6D74 /* Main.storyboard */,
				4CA9A12019FC4CCA008F6D74 /* Images.xcassets */,
				4CA9A12219FC4CCA008F6D74 /* LaunchScreen.xib */,
				4CA9A11319FC4CCA008F6D74 /* Supporting Files */,
			);
			path = BlankState;
			sourceTree = "<group>";
		};
		4CA9A11319FC4CCA008F6D74 /* Supporting Files */ = {
			isa = PBXGroup;
			children = (
				4CA9A11419FC4CCA008F6D74 /* Info.plist */,
				4CA9A11519FC4CCA008F6D74 /* main.m */,
			);
			name = "Supporting Files";
			sourceTree = "<group>";
		};
		4CA9A12C19FC4CCA008F6D74 /* BlankStateTests */ = {
			isa = PBXGroup;
			children = (
				4CA9A12F19FC4CCA008F6D74 /* BlankStateTests.m */,
				4CA9A12D19FC4CCA008F6D74 /* Supporting Files */,
			);
			path = BlankStateTests;
			sourceTree = "<group>";
		};
		4CA9A12D19FC4CCA008F6D74 /* Supporting Files */ = {
			isa = PBXGroup;
			children = (
				4CA9A12E19FC4CCA008F6D74 /* Info.plist */,
			);
			name = "Supporting Files";
			sourceTree = "<group>";
		};
/* End PBXGroup section */

/* Begin PBXNativeTarget section */
		4CA9A10F19FC4CCA008F6D74 /* BlankState */ = {
			isa = PBXNativeTarget;
			buildConfigurationList = 4CA9A13319FC4CCA008F6D74 /* Build configuration list for PBXNativeTarget "BlankState" */;
			buildPhases = (
				4CA9A10C19FC4CCA008F6D74 /* Sources */,
				4CA9A10D19FC4CCA008F6D74 /* Frameworks */,
				4CA9A10E19FC4CCA008F6D74 /* Resources */,
			);
			buildRules = (
			);
			dependencies = (
			);
			name = BlankState;
			productName = BlankState;
			productReference = 4CA9A11019FC4CCA008F6D74 /* BlankState.app */;
			productType = "com.apple.product-type.application";
		};
		4CA9A12819FC4CCA008F6D74 /* BlankStateTests */ = {
			isa = PBXNativeTarget;
			buildConfigurationList = 4CA9A13619FC4CCA008F6D74 /* Build configuration list for PBXNativeTarget "BlankStateTests" */;
			buildPhases = (
				4CA9A12519FC4CCA008F6D74 /* Sources */,
				4CA9A12619FC4CCA008F6D74 /* Frameworks */,
				4CA9A12719FC4CCA008F6D74 /* Resources */,
			);
			buildRules = (
			);
			dependencies = (
				4CA9A12B19FC4CCA008F6D74 /* PBXTargetDependency */,
			);
			name = BlankStateTests;
			productName = BlankStateTests;
			productReference = 4CA9A12919FC4CCA008F6D74 /* BlankStateTests.xctest */;
			productType = "com.apple.product-type.bundle.unit-test";
		};
/* End PBXNativeTarget section */

/* Begin PBXProject section */
		4CA9A10819FC4CCA008F6D74 /* Project object */ = {
			isa = PBXProject;
			attributes = {
				LastUpgradeCheck = 0610;
				ORGANIZATIONNAME = "Raúl Riera";
				TargetAttributes = {
					4CA9A10F19FC4CCA008F6D74 = {
						CreatedOnToolsVersion = 6.1;
					};
					4CA9A12819FC4CCA008F6D74 = {
						CreatedOnToolsVersion = 6.1;
						TestTargetID = 4CA9A10F19FC4CCA008F6D74;
					};
				};
			};
			buildConfigurationList = 4CA9A10B19FC4CCA008F6D74 /* Build configuration list for PBXProject "BlankState" */;
			compatibilityVersion = "Xcode 3.2";
			developmentRegion = English;
			hasScannedForEncodings = 0;
			knownRegions = (
				en,
				Base,
			);
			mainGroup = 4CA9A10719FC4CCA008F6D74;
			productRefGroup = 4CA9A11119FC4CCA008F6D74 /* Products */;
			projectDirPath = "";
			projectRoot = "";
			targets = (
				4CA9A10F19FC4CCA008F6D74 /* BlankState */,
				4CA9A12819FC4CCA008F6D74 /* BlankStateTests */,
			);
		};
/* End PBXProject section */

/* Begin PBXResourcesBuildPhase section */
		4CA9A10E19FC4CCA008F6D74 /* Resources */ = {
			isa = PBXResourcesBuildPhase;
			buildActionMask = 2147483647;
			files = (
				4CA9A11F19FC4CCA008F6D74 /* Main.storyboard in Resources */,
				4CA9A12419FC4CCA008F6D74 /* LaunchScreen.xib in Resources */,
				4CA9A12119FC4CCA008F6D74 /* Images.xcassets in Resources */,
			);
			runOnlyForDeploymentPostprocessing = 0;
		};
		4CA9A12719FC4CCA008F6D74 /* Resources */ = {
			isa = PBXResourcesBuildPhase;
			buildActionMask = 2147483647;
			files = (
			);
			runOnlyForDeploymentPostprocessing = 0;
		};
/* End PBXResourcesBuildPhase section */

/* Begin PBXSourcesBuildPhase section */
		4CA9A10C19FC4CCA008F6D74 /* Sources */ = {
			isa = PBXSourcesBuildPhase;
			buildActionMask = 2147483647;
			files = (
				4CA9A11C19FC4CCA008F6D74 /* ViewController.m in Sources */,
				4CA9A11919FC4CCA008F6D74 /* AppDelegate.m in Sources */,
				4CA9A11619FC4CCA008F6D74 /* main.m in Sources */,
			);
			runOnlyForDeploymentPostprocessing = 0;
		};
		4CA9A12519FC4CCA008F6D74 /* Sources */ = {
			isa = PBXSourcesBuildPhase;
			buildActionMask = 2147483647;
			files = (
				4CA9A13019FC4CCA008F6D74 /* BlankStateTests.m in Sources */,
			);
			runOnlyForDeploymentPostprocessing = 0;
		};
/* End PBXSourcesBuildPhase section */

/* Begin PBXTargetDependency section */
		4CA9A12B19FC4CCA008F6D74 /* PBXTargetDependency */ = {
			isa = PBXTargetDependency;
			target = 4CA9A10F19FC4CCA008F6D74 /* BlankState */;
			targetProxy = 4CA9A12A19FC4CCA008F6D74 /* PBXContainerItemProxy */;
		};
/* End PBXTargetDependency section */

/* Begin PBXVariantGroup section */
		4CA9A11D19FC4CCA008F6D74 /* Main.storyboard */ = {
			isa = PBXVariantGroup;
			children = (
				4CA9A11E19FC4CCA008F6D74 /* Base */,
			);
			name = Main.storyboard;
			sourceTree = "<group>";
		};
		4CA9A12219FC4CCA008F6D74 /* LaunchScreen.xib */ = {
			isa = PBXVariantGroup;
			children = (
				4CA9A12319FC4CCA008F6D74 /* Base */,
			);
			name = LaunchScreen.xib;
			sourceTree = "<group>";
		};
/* End PBXVariantGroup section */

/* Begin XCBuildConfiguration section */
		4CA9A13119FC4CCA008F6D74 /* Debug */ = {
			isa = XCBuildConfiguration;
			buildSettings = {
				ALWAYS_SEARCH_USER_PATHS = NO;
				CLANG_CXX_LANGUAGE_STANDARD = "gnu++0x";
				CLANG_CXX_LIBRARY = "libc++";
				CLANG_ENABLE_MODULES = YES;
				CLANG_ENABLE_OBJC_ARC = YES;
				CLANG_WARN_BOOL_CONVERSION = YES;
				CLANG_WARN_CONSTANT_CONVERSION = YES;
				CLANG_WARN_DIRECT_OBJC_ISA_USAGE = YES_ERROR;
				CLANG_WARN_EMPTY_BODY = YES;
				CLANG_WARN_ENUM_CONVERSION = YES;
				CLANG_WARN_INT_CONVERSION = YES;
				CLANG_WARN_OBJC_ROOT_CLASS = YES_ERROR;
				CLANG_WARN_UNREACHABLE_CODE = YES;
				CLANG_WARN__DUPLICATE_METHOD_MATCH = YES;
				"CODE_SIGN_IDENTITY[sdk=iphoneos*]" = "iPhone Developer";
				COPY_PHASE_STRIP = NO;
				ENABLE_STRICT_OBJC_MSGSEND = YES;
				GCC_C_LANGUAGE_STANDARD = gnu99;
				GCC_DYNAMIC_NO_PIC = NO;
				GCC_OPTIMIZATION_LEVEL = 0;
				GCC_PREPROCESSOR_DEFINITIONS = (
					"DEBUG=1",
					"$(inherited)",
				);
				GCC_SYMBOLS_PRIVATE_EXTERN = NO;
				GCC_WARN_64_TO_32_BIT_CONVERSION = YES;
				GCC_WARN_ABOUT_RETURN_TYPE = YES_ERROR;
				GCC_WARN_UNDECLARED_SELECTOR = YES;
				GCC_WARN_UNINITIALIZED_AUTOS = YES_AGGRESSIVE;
				GCC_WARN_UNUSED_FUNCTION = YES;
				GCC_WARN_UNUSED_VARIABLE = YES;
				IPHONEOS_DEPLOYMENT_TARGET = 8.1;
				MTL_ENABLE_DEBUG_INFO = YES;
				ONLY_ACTIVE_ARCH = YES;
				SDKROOT = iphoneos;
			};
			name = Debug;
		};
		4CA9A13219FC4CCA008F6D74 /* Release */ = {
			isa = XCBuildConfiguration;
			buildSettings = {
				ALWAYS_SEARCH_USER_PATHS = NO;
				CLANG_CXX_LANGUAGE_STANDARD = "gnu++0x";
				CLANG_CXX_LIBRARY = "libc++";
				CLANG_ENABLE_MODULES = YES;
				CLANG_ENABLE_OBJC_ARC = YES;
				CLANG_WARN_BOOL_CONVERSION = YES;
				CLANG_WARN_CONSTANT_CONVERSION = YES;
				CLANG_WARN_DIRECT_OBJC_ISA_USAGE = YES_ERROR;
				CLANG_WARN_EMPTY_BODY = YES;
				CLANG_WARN_ENUM_CONVERSION = YES;
				CLANG_WARN_INT_CONVERSION = YES;
				CLANG_WARN_OBJC_ROOT_CLASS = YES_ERROR;
				CLANG_WARN_UNREACHABLE_CODE = YES;
				CLANG_WARN__DUPLICATE_METHOD_MATCH = YES;
				"CODE_SIGN_IDENTITY[sdk=iphoneos*]" = "iPhone Developer";
				COPY_PHASE_STRIP = YES;
				ENABLE_NS_ASSERTIONS = NO;
				ENABLE_STRICT_OBJC_MSGSEND = YES;
				GCC_C_LANGUAGE_STANDARD = gnu99;
				GCC_WARN_64_TO_32_BIT_CONVERSION = YES;
				GCC_WARN_ABOUT_RETURN_TYPE = YES_ERROR;
				GCC_WARN_UNDECLARED_SELECTOR = YES;
				GCC_WARN_UNINITIALIZED_AUTOS = YES_AGGRESSIVE;
				GCC_WARN_UNUSED_FUNCTION = YES;
				GCC_WARN_UNUSED_VARIABLE = YES;
				IPHONEOS_DEPLOYMENT_TARGET = 8.1;
				MTL_ENABLE_DEBUG_INFO = NO;
				SDKROOT = iphoneos;
				VALIDATE_PRODUCT = YES;
			};
			name = Release;
		};
		4CA9A13419FC4CCA008F6D74 /* Debug */ = {
			isa = XCBuildConfiguration;
			buildSettings = {
				ASSETCATALOG_COMPILER_APPICON_NAME = AppIcon;
				INFOPLIST_FILE = BlankState/Info.plist;
				LD_RUNPATH_SEARCH_PATHS = "$(inherited) @executable_path/Frameworks";
				PRODUCT_NAME = "$(TARGET_NAME)";
			};
			name = Debug;
		};
		4CA9A13519FC4CCA008F6D74 /* Release */ = {
			isa = XCBuildConfiguration;
			buildSettings = {
				ASSETCATALOG_COMPILER_APPICON_NAME = AppIcon;
				INFOPLIST_FILE = BlankState/Info.plist;
				LD_RUNPATH_SEARCH_PATHS = "$(inherited) @executable_path/Frameworks";
				PRODUCT_NAME = "$(TARGET_NAME)";
			};
			name = Release;
		};
		4CA9A13719FC4CCA008F6D74 /* Debug */ = {
			isa = XCBuildConfiguration;
			buildSettings = {
				BUNDLE_LOADER = "$(TEST_HOST)";
				FRAMEWORK_SEARCH_PATHS = (
					"$(SDKROOT)/Developer/Library/Frameworks",
					"$(inherited)",
				);
				GCC_PREPROCESSOR_DEFINITIONS = (
					"DEBUG=1",
					"$(inherited)",
				);
				INFOPLIST_FILE = BlankStateTests/Info.plist;
				LD_RUNPATH_SEARCH_PATHS = "$(inherited) @executable_path/Frameworks @loader_path/Frameworks";
				PRODUCT_NAME = "$(TARGET_NAME)";
				TEST_HOST = "$(BUILT_PRODUCTS_DIR)/BlankState.app/BlankState";
			};
			name = Debug;
		};
		4CA9A13819FC4CCA008F6D74 /* Release */ = {
			isa = XCBuildConfiguration;
			buildSettings = {
				BUNDLE_LOADER = "$(TEST_HOST)";
				FRAMEWORK_SEARCH_PATHS = (
					"$(SDKROOT)/Developer/Library/Frameworks",
					"$(inherited)",
				);
				INFOPLIST_FILE = BlankStateTests/Info.plist;
				LD_RUNPATH_SEARCH_PATHS = "$(inherited) @executable_path/Frameworks @loader_path/Frameworks";
				PRODUCT_NAME = "$(TARGET_NAME)";
				TEST_HOST = "$(BUILT_PRODUCTS_DIR)/BlankState.app/BlankState";
			};
			name = Release;
		};
/* End XCBuildConfiguration section */

/* Begin XCConfigurationList section */
		4CA9A10B19FC4CCA008F6D74 /* Build configuration list for PBXProject "BlankState" */ = {
			isa = XCConfigurationList;
			buildConfigurations = (
				4CA9A13119FC4CCA008F6D74 /* Debug */,
				4CA9A13219FC4CCA008F6D74 /* Release */,
			);
			defaultConfigurationIsVisible = 0;
			defaultConfigurationName = Release;
		};
		4CA9A13319FC4CCA008F6D74 /* Build configuration list for PBXNativeTarget "BlankState" */ = {
			isa = XCConfigurationList;
			buildConfigurations = (
				4CA9A13419FC4CCA008F6D74 /* Debug */,
				4CA9A13519FC4CCA008F6D74 /* Release */,
			);
			defaultConfigurationIsVisible = 0;
		};
		4CA9A13619FC4CCA008F6D74 /* Build configuration list for PBXNativeTarget "BlankStateTests" */ = {
			isa = XCConfigurationList;
			buildConfigurations = (
				4CA9A13719FC4CCA008F6D74 /* Debug */,
				4CA9A13819FC4CCA008F6D74 /* Release */,
			);
			defaultConfigurationIsVisible = 0;
		};
/* End XCConfigurationList section */
	};
	rootObject = 4CA9A10819FC4CCA008F6D74 /* Project object */;
}
